
Microsoft Visual Studio Solution File, Format Version 12.00
# Visual Studio Version 16
VisualStudioVersion = 16.0.30320.27
MinimumVisualStudioVersion = 10.0.40219.1
Project("{FAE04EC0-301F-11D3-BF4B-00C04F79EFBC}") = "ReactWithNet", "ReactWithNet\ReactWithNet.csproj", "{4A7A33FD-84FC-4C09-912D-9CC514F0E5F9}"
EndProject
Global
	GlobalSection(SolutionConfigurationPlatforms) = preSolution
		Debug|Any CPU = Debug|Any CPU
		Release|Any CPU = Release|Any CPU
	EndGlobalSection
	GlobalSection(ProjectConfigurationPlatforms) = postSolution
		{4A7A33FD-84FC-4C09-912D-9CC514F0E5F9}.Debug|Any CPU.ActiveCfg = Debug|Any CPU
		{4A7A33FD-84FC-4C09-912D-9CC514F0E5F9}.Debug|Any CPU.Build.0 = Debug|Any CPU
		{4A7A33FD-84FC-4C09-912D-9CC514F0E5F9}.Release|Any CPU.ActiveCfg = Release|Any CPU
		{4A7A33FD-84FC-4C09-912D-9CC514F0E5F9}.Release|Any CPU.Build.0 = Release|Any CPU
	EndGlobalSection
	GlobalSection(SolutionProperties) = preSolution
		HideSolutionNode = FALSE
	EndGlobalSection
	GlobalSection(ExtensibilityGlobals) = postSolution
		SolutionGuid = {A08D329C-1C3E-420C-BFFA-63BC5B4A40BE}
	EndGlobalSection
EndGlobal
